
Microsoft Visual Studio Solution File, Format Version 12.00
# Visual Studio 2013
VisualStudioVersion = 12.0.31101.0
MinimumVisualStudioVersion = 10.0.40219.1
Project("{FAE04EC0-301F-11D3-BF4B-00C04F79EFBC}") = "01-03.StudentClass", "01.StudentClass\01-03.StudentClass.csproj", "{91C545DA-56AE-42E2-BA17-0D788A7A1F04}"
EndProject
Project("{FAE04EC0-301F-11D3-BF4B-00C04F79EFBC}") = "04.PersonClass", "04.PersonClass\04.PersonClass.csproj", "{220C9982-6E61-44A2-93EA-990B541171BC}"
EndProject
Project("{FAE04EC0-301F-11D3-BF4B-00C04F79EFBC}") = "05.64BitArray", "05.64BitArray\05.64BitArray.csproj", "{C311A9FB-07C7-4C15-A789-B22EA4BD7F54}"
EndProject
Global
	GlobalSection(SolutionConfigurationPlatforms) = preSolution
		Debug|Any CPU = Debug|Any CPU
		Release|Any CPU = Release|Any CPU
	EndGlobalSection
	GlobalSection(ProjectConfigurationPlatforms) = postSolution
		{91C545DA-56AE-42E2-BA17-0D788A7A1F04}.Debug|Any CPU.ActiveCfg = Debug|Any CPU
		{91C545DA-56AE-42E2-BA17-0D788A7A1F04}.Debug|Any CPU.Build.0 = Debug|Any CPU
		{91C545DA-56AE-42E2-BA17-0D788A7A1F04}.Release|Any CPU.ActiveCfg = Release|Any CPU
		{91C545DA-56AE-42E2-BA17-0D788A7A1F04}.Release|Any CPU.Build.0 = Release|Any CPU
		{220C9982-6E61-44A2-93EA-990B541171BC}.Debug|Any CPU.ActiveCfg = Debug|Any CPU
		{220C9982-6E61-44A2-93EA-990B541171BC}.Debug|Any CPU.Build.0 = Debug|Any CPU
		{220C9982-6E61-44A2-93EA-990B541171BC}.Release|Any CPU.ActiveCfg = Release|Any CPU
		{220C9982-6E61-44A2-93EA-990B541171BC}.Release|Any CPU.Build.0 = Release|Any CPU
		{C311A9FB-07C7-4C15-A789-B22EA4BD7F54}.Debug|Any CPU.ActiveCfg = Debug|Any CPU
		{C311A9FB-07C7-4C15-A789-B22EA4BD7F54}.Debug|Any CPU.Build.0 = Debug|Any CPU
		{C311A9FB-07C7-4C15-A789-B22EA4BD7F54}.Release|Any CPU.ActiveCfg = Release|Any CPU
		{C311A9FB-07C7-4C15-A789-B22EA4BD7F54}.Release|Any CPU.Build.0 = Release|Any CPU
	EndGlobalSection
	GlobalSection(SolutionProperties) = preSolution
		HideSolutionNode = FALSE
	EndGlobalSection
EndGlobal
